// !$*UTF8*$!
{
	archiveVersion = 1;
	classes = {
	};
	objectVersion = 55;
	objects = {

/* Begin PBXBuildFile section */
		3B9F4823A4C68996389699AB /* Pods_CaseMovie.framework in Frameworks */ = {isa = PBXBuildFile; fileRef = 73B7111C9BFF2C889D4B45B0 /* Pods_CaseMovie.framework */; };
		7880A34B28A7B92600609D8B /* Date+Extensions.swift in Sources */ = {isa = PBXBuildFile; fileRef = 7880A34A28A7B92600609D8B /* Date+Extensions.swift */; };
		7880A34E28A7C18000609D8B /* Decodable+Extensions.swift in Sources */ = {isa = PBXBuildFile; fileRef = 7880A34D28A7C18000609D8B /* Decodable+Extensions.swift */; };
		7880A35528A7C7B200609D8B /* TestConstants.swift in Sources */ = {isa = PBXBuildFile; fileRef = 7880A35428A7C7B200609D8B /* TestConstants.swift */; };
		7880A35828A7CA0C00609D8B /* MovieMockService.swift in Sources */ = {isa = PBXBuildFile; fileRef = 7880A35728A7CA0C00609D8B /* MovieMockService.swift */; };
		7880A35928A7CA2D00609D8B /* MovieService.swift in Sources */ = {isa = PBXBuildFile; fileRef = 788F6F3628A4616D00F0D0B4 /* MovieService.swift */; };
		7880A35A28A7CA4500609D8B /* PopularMoviesRequest.swift in Sources */ = {isa = PBXBuildFile; fileRef = 788F6F3428A45F3500F0D0B4 /* PopularMoviesRequest.swift */; };
		7880A35B28A7CA5100609D8B /* MovieDetailRequest.swift in Sources */ = {isa = PBXBuildFile; fileRef = 788F6F3928A4648F00F0D0B4 /* MovieDetailRequest.swift */; };
		7880A35C28A7CA6300609D8B /* NetworkService.swift in Sources */ = {isa = PBXBuildFile; fileRef = 788F6F2328A44F1000F0D0B4 /* NetworkService.swift */; };
		7880A35E28A7CAA100609D8B /* NetworkRequest.swift in Sources */ = {isa = PBXBuildFile; fileRef = 788F6F2228A44F1000F0D0B4 /* NetworkRequest.swift */; };
		7880A35F28A7CAA400609D8B /* AppConstants.swift in Sources */ = {isa = PBXBuildFile; fileRef = 788F6F2A28A44F9C00F0D0B4 /* AppConstants.swift */; };
		7880A36028A7CABC00609D8B /* Codable+Extensions.swift in Sources */ = {isa = PBXBuildFile; fileRef = 788F6F2728A44F6800F0D0B4 /* Codable+Extensions.swift */; };
		7880A36228A7CB3400609D8B /* MovieDetailViewModelTests.swift in Sources */ = {isa = PBXBuildFile; fileRef = 7880A36128A7CB3400609D8B /* MovieDetailViewModelTests.swift */; };
		7880A36328A7CB4F00609D8B /* MovieDetailViewModel.swift in Sources */ = {isa = PBXBuildFile; fileRef = 78BE8D8328A6F09700C35849 /* MovieDetailViewModel.swift */; };
		7880A36428A7CBD600609D8B /* Date+Extensions.swift in Sources */ = {isa = PBXBuildFile; fileRef = 7880A34A28A7B92600609D8B /* Date+Extensions.swift */; };
		7880A36828A7EEC000609D8B /* SearchService.swift in Sources */ = {isa = PBXBuildFile; fileRef = 7880A36728A7EEC000609D8B /* SearchService.swift */; };
		7880A36A28A7EF2600609D8B /* SearchMovieRequest.swift in Sources */ = {isa = PBXBuildFile; fileRef = 7880A36928A7EF2600609D8B /* SearchMovieRequest.swift */; };
		7880A36C28A7F5A000609D8B /* String+Extensions.swift in Sources */ = {isa = PBXBuildFile; fileRef = 7880A36B28A7F5A000609D8B /* String+Extensions.swift */; };
		7880A36E28A7F7D100609D8B /* SearchActorRequest.swift in Sources */ = {isa = PBXBuildFile; fileRef = 7880A36D28A7F7D100609D8B /* SearchActorRequest.swift */; };
		7880A37228A80A8A00609D8B /* PersonTableViewCell.swift in Sources */ = {isa = PBXBuildFile; fileRef = 7880A37128A80A8A00609D8B /* PersonTableViewCell.swift */; };
		7880A37628A80ADD00609D8B /* PersonTableViewModel.swift in Sources */ = {isa = PBXBuildFile; fileRef = 7880A37528A80ADD00609D8B /* PersonTableViewModel.swift */; };
		7880A37928A816F800609D8B /* LoadingIndicator.swift in Sources */ = {isa = PBXBuildFile; fileRef = 7880A37828A816F800609D8B /* LoadingIndicator.swift */; };
		7880A37B28A817B100609D8B /* UIApplication+Extensions.swift in Sources */ = {isa = PBXBuildFile; fileRef = 7880A37A28A817B100609D8B /* UIApplication+Extensions.swift */; };
		788F6EF228A44D7600F0D0B4 /* AppDelegate.swift in Sources */ = {isa = PBXBuildFile; fileRef = 788F6EF128A44D7600F0D0B4 /* AppDelegate.swift */; };
		788F6EF628A44D7600F0D0B4 /* BaseViewController.swift in Sources */ = {isa = PBXBuildFile; fileRef = 788F6EF528A44D7600F0D0B4 /* BaseViewController.swift */; };
		788F6EFB28A44D7700F0D0B4 /* Assets.xcassets in Resources */ = {isa = PBXBuildFile; fileRef = 788F6EFA28A44D7700F0D0B4 /* Assets.xcassets */; };
		788F6EFE28A44D7700F0D0B4 /* LaunchScreen.storyboard in Resources */ = {isa = PBXBuildFile; fileRef = 788F6EFC28A44D7700F0D0B4 /* LaunchScreen.storyboard */; };
		788F6F0928A44D7700F0D0B4 /* CaseMovieTests.swift in Sources */ = {isa = PBXBuildFile; fileRef = 788F6F0828A44D7700F0D0B4 /* CaseMovieTests.swift */; };
		788F6F2428A44F1000F0D0B4 /* NetworkRequest.swift in Sources */ = {isa = PBXBuildFile; fileRef = 788F6F2228A44F1000F0D0B4 /* NetworkRequest.swift */; };
		788F6F2528A44F1000F0D0B4 /* NetworkService.swift in Sources */ = {isa = PBXBuildFile; fileRef = 788F6F2328A44F1000F0D0B4 /* NetworkService.swift */; };
		788F6F2828A44F6800F0D0B4 /* Codable+Extensions.swift in Sources */ = {isa = PBXBuildFile; fileRef = 788F6F2728A44F6800F0D0B4 /* Codable+Extensions.swift */; };
		788F6F2B28A44F9C00F0D0B4 /* AppConstants.swift in Sources */ = {isa = PBXBuildFile; fileRef = 788F6F2A28A44F9C00F0D0B4 /* AppConstants.swift */; };
		788F6F2E28A4556C00F0D0B4 /* Movie.swift in Sources */ = {isa = PBXBuildFile; fileRef = 788F6F2D28A4556C00F0D0B4 /* Movie.swift */; };
		788F6F3028A4589900F0D0B4 /* MovieDetail.swift in Sources */ = {isa = PBXBuildFile; fileRef = 788F6F2F28A4589900F0D0B4 /* MovieDetail.swift */; };
		788F6F3228A458BE00F0D0B4 /* Genre.swift in Sources */ = {isa = PBXBuildFile; fileRef = 788F6F3128A458BE00F0D0B4 /* Genre.swift */; };
		788F6F3528A45F3500F0D0B4 /* PopularMoviesRequest.swift in Sources */ = {isa = PBXBuildFile; fileRef = 788F6F3428A45F3500F0D0B4 /* PopularMoviesRequest.swift */; };
		788F6F3728A4616D00F0D0B4 /* MovieService.swift in Sources */ = {isa = PBXBuildFile; fileRef = 788F6F3628A4616D00F0D0B4 /* MovieService.swift */; };
		788F6F3A28A4648F00F0D0B4 /* MovieDetailRequest.swift in Sources */ = {isa = PBXBuildFile; fileRef = 788F6F3928A4648F00F0D0B4 /* MovieDetailRequest.swift */; };
		788F6F3E28A57AA600F0D0B4 /* MainViewController.swift in Sources */ = {isa = PBXBuildFile; fileRef = 788F6F3D28A57AA600F0D0B4 /* MainViewController.swift */; };
		788F6F4028A57AAE00F0D0B4 /* MainViewModel.swift in Sources */ = {isa = PBXBuildFile; fileRef = 788F6F3F28A57AAE00F0D0B4 /* MainViewModel.swift */; };
		78BE8D7D28A69A3E00C35849 /* UIFont+Extensions.swift in Sources */ = {isa = PBXBuildFile; fileRef = 78BE8D7C28A69A3E00C35849 /* UIFont+Extensions.swift */; };
		78BE8D8028A6F07B00C35849 /* MovieDetailViewController.swift in Sources */ = {isa = PBXBuildFile; fileRef = 78BE8D7F28A6F07B00C35849 /* MovieDetailViewController.swift */; };
		78BE8D8428A6F09700C35849 /* MovieDetailViewModel.swift in Sources */ = {isa = PBXBuildFile; fileRef = 78BE8D8328A6F09700C35849 /* MovieDetailViewModel.swift */; };
		78C5C63E28A5951A005794F6 /* PopularMovieTableViewCell.swift in Sources */ = {isa = PBXBuildFile; fileRef = 78C5C63D28A5951A005794F6 /* PopularMovieTableViewCell.swift */; };
		78C5C64028A5954F005794F6 /* PopularMovieTableViewModel.swift in Sources */ = {isa = PBXBuildFile; fileRef = 78C5C63F28A5954F005794F6 /* PopularMovieTableViewModel.swift */; };
		78C5C64228A5978A005794F6 /* UITableView+Extensions.swift in Sources */ = {isa = PBXBuildFile; fileRef = 78C5C64128A5978A005794F6 /* UITableView+Extensions.swift */; };
		78C5C64428A5979E005794F6 /* UITableViewCell+Extensions.swift in Sources */ = {isa = PBXBuildFile; fileRef = 78C5C64328A5979E005794F6 /* UITableViewCell+Extensions.swift */; };
		78C5C64628A59EC0005794F6 /* Kingfisher+Extensions.swift in Sources */ = {isa = PBXBuildFile; fileRef = 78C5C64528A59EC0005794F6 /* Kingfisher+Extensions.swift */; };
		F70548AD490382F81CE90A6C /* Pods_CaseMovieTests.framework in Frameworks */ = {isa = PBXBuildFile; fileRef = 67CBD10F5C15D0C9B0470C82 /* Pods_CaseMovieTests.framework */; };
/* End PBXBuildFile section */

/* Begin PBXContainerItemProxy section */
		788F6F0528A44D7700F0D0B4 /* PBXContainerItemProxy */ = {
			isa = PBXContainerItemProxy;
			containerPortal = 788F6EE628A44D7600F0D0B4 /* Project object */;
			proxyType = 1;
			remoteGlobalIDString = 788F6EED28A44D7600F0D0B4;
			remoteInfo = CaseMovie;
		};
/* End PBXContainerItemProxy section */

/* Begin PBXFileReference section */
		3BC7008709E2C55BB75BF2BA /* Pods-CaseMovie-CaseMovieUITests.debug.xcconfig */ = {isa = PBXFileReference; includeInIndex = 1; lastKnownFileType = text.xcconfig; name = "Pods-CaseMovie-CaseMovieUITests.debug.xcconfig"; path = "Target Support Files/Pods-CaseMovie-CaseMovieUITests/Pods-CaseMovie-CaseMovieUITests.debug.xcconfig"; sourceTree = "<group>"; };
		67CBD10F5C15D0C9B0470C82 /* Pods_CaseMovieTests.framework */ = {isa = PBXFileReference; explicitFileType = wrapper.framework; includeInIndex = 0; path = Pods_CaseMovieTests.framework; sourceTree = BUILT_PRODUCTS_DIR; };
		708CC0BC2FCA495C1A46A433 /* Pods-CaseMovieTests.release.xcconfig */ = {isa = PBXFileReference; includeInIndex = 1; lastKnownFileType = text.xcconfig; name = "Pods-CaseMovieTests.release.xcconfig"; path = "Target Support Files/Pods-CaseMovieTests/Pods-CaseMovieTests.release.xcconfig"; sourceTree = "<group>"; };
		73B7111C9BFF2C889D4B45B0 /* Pods_CaseMovie.framework */ = {isa = PBXFileReference; explicitFileType = wrapper.framework; includeInIndex = 0; path = Pods_CaseMovie.framework; sourceTree = BUILT_PRODUCTS_DIR; };
		7880A34A28A7B92600609D8B /* Date+Extensions.swift */ = {isa = PBXFileReference; lastKnownFileType = sourcecode.swift; path = "Date+Extensions.swift"; sourceTree = "<group>"; };
		7880A34D28A7C18000609D8B /* Decodable+Extensions.swift */ = {isa = PBXFileReference; lastKnownFileType = sourcecode.swift; path = "Decodable+Extensions.swift"; sourceTree = "<group>"; };
		7880A35428A7C7B200609D8B /* TestConstants.swift */ = {isa = PBXFileReference; lastKnownFileType = sourcecode.swift; path = TestConstants.swift; sourceTree = "<group>"; };
		7880A35728A7CA0C00609D8B /* MovieMockService.swift */ = {isa = PBXFileReference; lastKnownFileType = sourcecode.swift; path = MovieMockService.swift; sourceTree = "<group>"; };
		7880A36128A7CB3400609D8B /* MovieDetailViewModelTests.swift */ = {isa = PBXFileReference; lastKnownFileType = sourcecode.swift; path = MovieDetailViewModelTests.swift; sourceTree = "<group>"; };
		7880A36728A7EEC000609D8B /* SearchService.swift */ = {isa = PBXFileReference; lastKnownFileType = sourcecode.swift; path = SearchService.swift; sourceTree = "<group>"; };
		7880A36928A7EF2600609D8B /* SearchMovieRequest.swift */ = {isa = PBXFileReference; lastKnownFileType = sourcecode.swift; path = SearchMovieRequest.swift; sourceTree = "<group>"; };
		7880A36B28A7F5A000609D8B /* String+Extensions.swift */ = {isa = PBXFileReference; lastKnownFileType = sourcecode.swift; path = "String+Extensions.swift"; sourceTree = "<group>"; };
		7880A36D28A7F7D100609D8B /* SearchActorRequest.swift */ = {isa = PBXFileReference; lastKnownFileType = sourcecode.swift; path = SearchActorRequest.swift; sourceTree = "<group>"; };
		7880A37128A80A8A00609D8B /* PersonTableViewCell.swift */ = {isa = PBXFileReference; lastKnownFileType = sourcecode.swift; path = PersonTableViewCell.swift; sourceTree = "<group>"; };
		7880A37528A80ADD00609D8B /* PersonTableViewModel.swift */ = {isa = PBXFileReference; lastKnownFileType = sourcecode.swift; path = PersonTableViewModel.swift; sourceTree = "<group>"; };
		7880A37828A816F800609D8B /* LoadingIndicator.swift */ = {isa = PBXFileReference; lastKnownFileType = sourcecode.swift; path = LoadingIndicator.swift; sourceTree = "<group>"; };
		7880A37A28A817B100609D8B /* UIApplication+Extensions.swift */ = {isa = PBXFileReference; lastKnownFileType = sourcecode.swift; path = "UIApplication+Extensions.swift"; sourceTree = "<group>"; };
		788F6EEE28A44D7600F0D0B4 /* CaseMovie.app */ = {isa = PBXFileReference; explicitFileType = wrapper.application; includeInIndex = 0; path = CaseMovie.app; sourceTree = BUILT_PRODUCTS_DIR; };
		788F6EF128A44D7600F0D0B4 /* AppDelegate.swift */ = {isa = PBXFileReference; lastKnownFileType = sourcecode.swift; path = AppDelegate.swift; sourceTree = "<group>"; };
		788F6EF528A44D7600F0D0B4 /* BaseViewController.swift */ = {isa = PBXFileReference; lastKnownFileType = sourcecode.swift; path = BaseViewController.swift; sourceTree = "<group>"; };
		788F6EFA28A44D7700F0D0B4 /* Assets.xcassets */ = {isa = PBXFileReference; lastKnownFileType = folder.assetcatalog; path = Assets.xcassets; sourceTree = "<group>"; };
		788F6EFD28A44D7700F0D0B4 /* Base */ = {isa = PBXFileReference; lastKnownFileType = file.storyboard; name = Base; path = Base.lproj/LaunchScreen.storyboard; sourceTree = "<group>"; };
		788F6EFF28A44D7700F0D0B4 /* Info.plist */ = {isa = PBXFileReference; lastKnownFileType = text.plist.xml; path = Info.plist; sourceTree = "<group>"; };
		788F6F0428A44D7700F0D0B4 /* CaseMovieTests.xctest */ = {isa = PBXFileReference; explicitFileType = wrapper.cfbundle; includeInIndex = 0; path = CaseMovieTests.xctest; sourceTree = BUILT_PRODUCTS_DIR; };
		788F6F0828A44D7700F0D0B4 /* CaseMovieTests.swift */ = {isa = PBXFileReference; lastKnownFileType = sourcecode.swift; path = CaseMovieTests.swift; sourceTree = "<group>"; };
		788F6F2228A44F1000F0D0B4 /* NetworkRequest.swift */ = {isa = PBXFileReference; fileEncoding = 4; lastKnownFileType = sourcecode.swift; path = NetworkRequest.swift; sourceTree = "<group>"; };
		788F6F2328A44F1000F0D0B4 /* NetworkService.swift */ = {isa = PBXFileReference; fileEncoding = 4; lastKnownFileType = sourcecode.swift; path = NetworkService.swift; sourceTree = "<group>"; };
		788F6F2728A44F6800F0D0B4 /* Codable+Extensions.swift */ = {isa = PBXFileReference; fileEncoding = 4; lastKnownFileType = sourcecode.swift; path = "Codable+Extensions.swift"; sourceTree = "<group>"; };
		788F6F2A28A44F9C00F0D0B4 /* AppConstants.swift */ = {isa = PBXFileReference; lastKnownFileType = sourcecode.swift; path = AppConstants.swift; sourceTree = "<group>"; };
		788F6F2D28A4556C00F0D0B4 /* Movie.swift */ = {isa = PBXFileReference; lastKnownFileType = sourcecode.swift; path = Movie.swift; sourceTree = "<group>"; };
		788F6F2F28A4589900F0D0B4 /* MovieDetail.swift */ = {isa = PBXFileReference; lastKnownFileType = sourcecode.swift; path = MovieDetail.swift; sourceTree = "<group>"; };
		788F6F3128A458BE00F0D0B4 /* Genre.swift */ = {isa = PBXFileReference; lastKnownFileType = sourcecode.swift; path = Genre.swift; sourceTree = "<group>"; };
		788F6F3428A45F3500F0D0B4 /* PopularMoviesRequest.swift */ = {isa = PBXFileReference; lastKnownFileType = sourcecode.swift; path = PopularMoviesRequest.swift; sourceTree = "<group>"; };
		788F6F3628A4616D00F0D0B4 /* MovieService.swift */ = {isa = PBXFileReference; lastKnownFileType = sourcecode.swift; path = MovieService.swift; sourceTree = "<group>"; };
		788F6F3928A4648F00F0D0B4 /* MovieDetailRequest.swift */ = {isa = PBXFileReference; lastKnownFileType = sourcecode.swift; path = MovieDetailRequest.swift; sourceTree = "<group>"; };
		788F6F3D28A57AA600F0D0B4 /* MainViewController.swift */ = {isa = PBXFileReference; lastKnownFileType = sourcecode.swift; path = MainViewController.swift; sourceTree = "<group>"; };
		788F6F3F28A57AAE00F0D0B4 /* MainViewModel.swift */ = {isa = PBXFileReference; lastKnownFileType = sourcecode.swift; path = MainViewModel.swift; sourceTree = "<group>"; };
		78BE8D7C28A69A3E00C35849 /* UIFont+Extensions.swift */ = {isa = PBXFileReference; lastKnownFileType = sourcecode.swift; path = "UIFont+Extensions.swift"; sourceTree = "<group>"; };
		78BE8D7F28A6F07B00C35849 /* MovieDetailViewController.swift */ = {isa = PBXFileReference; lastKnownFileType = sourcecode.swift; path = MovieDetailViewController.swift; sourceTree = "<group>"; };
		78BE8D8328A6F09700C35849 /* MovieDetailViewModel.swift */ = {isa = PBXFileReference; lastKnownFileType = sourcecode.swift; path = MovieDetailViewModel.swift; sourceTree = "<group>"; };
		78C5C63D28A5951A005794F6 /* PopularMovieTableViewCell.swift */ = {isa = PBXFileReference; lastKnownFileType = sourcecode.swift; path = PopularMovieTableViewCell.swift; sourceTree = "<group>"; };
		78C5C63F28A5954F005794F6 /* PopularMovieTableViewModel.swift */ = {isa = PBXFileReference; lastKnownFileType = sourcecode.swift; path = PopularMovieTableViewModel.swift; sourceTree = "<group>"; };
		78C5C64128A5978A005794F6 /* UITableView+Extensions.swift */ = {isa = PBXFileReference; lastKnownFileType = sourcecode.swift; path = "UITableView+Extensions.swift"; sourceTree = "<group>"; };
		78C5C64328A5979E005794F6 /* UITableViewCell+Extensions.swift */ = {isa = PBXFileReference; lastKnownFileType = sourcecode.swift; path = "UITableViewCell+Extensions.swift"; sourceTree = "<group>"; };
		78C5C64528A59EC0005794F6 /* Kingfisher+Extensions.swift */ = {isa = PBXFileReference; lastKnownFileType = sourcecode.swift; path = "Kingfisher+Extensions.swift"; sourceTree = "<group>"; };
		9F7DE640444B46F5D932BEB9 /* Pods-CaseMovie-CaseMovieUITests.release.xcconfig */ = {isa = PBXFileReference; includeInIndex = 1; lastKnownFileType = text.xcconfig; name = "Pods-CaseMovie-CaseMovieUITests.release.xcconfig"; path = "Target Support Files/Pods-CaseMovie-CaseMovieUITests/Pods-CaseMovie-CaseMovieUITests.release.xcconfig"; sourceTree = "<group>"; };
		A4633CADA857E1E7CEC1DC0C /* Pods-CaseMovieTests.debug.xcconfig */ = {isa = PBXFileReference; includeInIndex = 1; lastKnownFileType = text.xcconfig; name = "Pods-CaseMovieTests.debug.xcconfig"; path = "Target Support Files/Pods-CaseMovieTests/Pods-CaseMovieTests.debug.xcconfig"; sourceTree = "<group>"; };
		BBD09038257152BAD76DBF10 /* Pods-CaseMovie.release.xcconfig */ = {isa = PBXFileReference; includeInIndex = 1; lastKnownFileType = text.xcconfig; name = "Pods-CaseMovie.release.xcconfig"; path = "Target Support Files/Pods-CaseMovie/Pods-CaseMovie.release.xcconfig"; sourceTree = "<group>"; };
		C3BDBA2D31AD47E3437E44CC /* Pods_CaseMovie_CaseMovieUITests.framework */ = {isa = PBXFileReference; explicitFileType = wrapper.framework; includeInIndex = 0; path = Pods_CaseMovie_CaseMovieUITests.framework; sourceTree = BUILT_PRODUCTS_DIR; };
		E39172548ED03122D587EFB0 /* Pods-CaseMovie.debug.xcconfig */ = {isa = PBXFileReference; includeInIndex = 1; lastKnownFileType = text.xcconfig; name = "Pods-CaseMovie.debug.xcconfig"; path = "Target Support Files/Pods-CaseMovie/Pods-CaseMovie.debug.xcconfig"; sourceTree = "<group>"; };
/* End PBXFileReference section */

/* Begin PBXFrameworksBuildPhase section */
		788F6EEB28A44D7600F0D0B4 /* Frameworks */ = {
			isa = PBXFrameworksBuildPhase;
			buildActionMask = 2147483647;
			files = (
				3B9F4823A4C68996389699AB /* Pods_CaseMovie.framework in Frameworks */,
			);
			runOnlyForDeploymentPostprocessing = 0;
		};
		788F6F0128A44D7700F0D0B4 /* Frameworks */ = {
			isa = PBXFrameworksBuildPhase;
			buildActionMask = 2147483647;
			files = (
				F70548AD490382F81CE90A6C /* Pods_CaseMovieTests.framework in Frameworks */,
			);
			runOnlyForDeploymentPostprocessing = 0;
		};
/* End PBXFrameworksBuildPhase section */

/* Begin PBXGroup section */
		7880A34C28A7C16500609D8B /* Extensions */ = {
			isa = PBXGroup;
			children = (
				7880A34D28A7C18000609D8B /* Decodable+Extensions.swift */,
			);
			path = Extensions;
			sourceTree = "<group>";
		};
		7880A34F28A7C1ED00609D8B /* Resources */ = {
			isa = PBXGroup;
			children = (
				7880A35428A7C7B200609D8B /* TestConstants.swift */,
			);
			path = Resources;
			sourceTree = "<group>";
		};
		7880A35628A7C9B500609D8B /* MockService */ = {
			isa = PBXGroup;
			children = (
				7880A35728A7CA0C00609D8B /* MovieMockService.swift */,
			);
			path = MockService;
			sourceTree = "<group>";
		};
		7880A36528A7EEA400609D8B /* MovieService */ = {
			isa = PBXGroup;
			children = (
				788F6F3628A4616D00F0D0B4 /* MovieService.swift */,
				788F6F3428A45F3500F0D0B4 /* PopularMoviesRequest.swift */,
				788F6F3928A4648F00F0D0B4 /* MovieDetailRequest.swift */,
			);
			path = MovieService;
			sourceTree = "<group>";
		};
		7880A36628A7EEB300609D8B /* SearchService */ = {
			isa = PBXGroup;
			children = (
				7880A36728A7EEC000609D8B /* SearchService.swift */,
				7880A36928A7EF2600609D8B /* SearchMovieRequest.swift */,
				7880A36D28A7F7D100609D8B /* SearchActorRequest.swift */,
			);
			path = SearchService;
			sourceTree = "<group>";
		};
		7880A36F28A8090C00609D8B /* PopularMovieCell */ = {
			isa = PBXGroup;
			children = (
				78C5C63D28A5951A005794F6 /* PopularMovieTableViewCell.swift */,
				78C5C63F28A5954F005794F6 /* PopularMovieTableViewModel.swift */,
			);
			path = PopularMovieCell;
			sourceTree = "<group>";
		};
		7880A37028A8095D00609D8B /* PersonCell */ = {
			isa = PBXGroup;
			children = (
				7880A37128A80A8A00609D8B /* PersonTableViewCell.swift */,
				7880A37528A80ADD00609D8B /* PersonTableViewModel.swift */,
			);
			path = PersonCell;
			sourceTree = "<group>";
		};
		7880A37728A816E400609D8B /* LoadingIndicator */ = {
			isa = PBXGroup;
			children = (
				7880A37828A816F800609D8B /* LoadingIndicator.swift */,
			);
			path = LoadingIndicator;
			sourceTree = "<group>";
		};
		788F6EE528A44D7600F0D0B4 = {
			isa = PBXGroup;
			children = (
				788F6EF028A44D7600F0D0B4 /* CaseMovie */,
				788F6F0728A44D7700F0D0B4 /* CaseMovieTests */,
				788F6EEF28A44D7600F0D0B4 /* Products */,
				ECA567CA27FDA00C3B68A3D5 /* Pods */,
				BD0F64CECEFACCA1AFCEB3DF /* Frameworks */,
			);
			sourceTree = "<group>";
		};
		788F6EEF28A44D7600F0D0B4 /* Products */ = {
			isa = PBXGroup;
			children = (
				788F6EEE28A44D7600F0D0B4 /* CaseMovie.app */,
				788F6F0428A44D7700F0D0B4 /* CaseMovieTests.xctest */,
			);
			name = Products;
			sourceTree = "<group>";
		};
		788F6EF028A44D7600F0D0B4 /* CaseMovie */ = {
			isa = PBXGroup;
			children = (
				7880A37728A816E400609D8B /* LoadingIndicator */,
				78BE8D7E28A6F05B00C35849 /* Screens */,
				788F6F2C28A4556300F0D0B4 /* Models */,
				788F6F2928A44F9400F0D0B4 /* Common */,
				788F6F2628A44F5600F0D0B4 /* Extensions */,
				788F6F2128A44EA900F0D0B4 /* Networking */,
				788F6EF128A44D7600F0D0B4 /* AppDelegate.swift */,
				788F6EF528A44D7600F0D0B4 /* BaseViewController.swift */,
				788F6EFF28A44D7700F0D0B4 /* Info.plist */,
			);
			path = CaseMovie;
			sourceTree = "<group>";
		};
		788F6F0728A44D7700F0D0B4 /* CaseMovieTests */ = {
			isa = PBXGroup;
			children = (
				7880A35628A7C9B500609D8B /* MockService */,
				7880A34F28A7C1ED00609D8B /* Resources */,
				7880A34C28A7C16500609D8B /* Extensions */,
				788F6F0828A44D7700F0D0B4 /* CaseMovieTests.swift */,
				7880A36128A7CB3400609D8B /* MovieDetailViewModelTests.swift */,
			);
			path = CaseMovieTests;
			sourceTree = "<group>";
		};
		788F6F2128A44EA900F0D0B4 /* Networking */ = {
			isa = PBXGroup;
			children = (
				788F6F3328A45CFF00F0D0B4 /* MovieService */,
				788F6F2228A44F1000F0D0B4 /* NetworkRequest.swift */,
				788F6F2328A44F1000F0D0B4 /* NetworkService.swift */,
			);
			path = Networking;
			sourceTree = "<group>";
		};
		788F6F2628A44F5600F0D0B4 /* Extensions */ = {
			isa = PBXGroup;
			children = (
				788F6F2728A44F6800F0D0B4 /* Codable+Extensions.swift */,
				78C5C64128A5978A005794F6 /* UITableView+Extensions.swift */,
				78C5C64328A5979E005794F6 /* UITableViewCell+Extensions.swift */,
				78C5C64528A59EC0005794F6 /* Kingfisher+Extensions.swift */,
				78BE8D7C28A69A3E00C35849 /* UIFont+Extensions.swift */,
				7880A34A28A7B92600609D8B /* Date+Extensions.swift */,
				7880A36B28A7F5A000609D8B /* String+Extensions.swift */,
				7880A37A28A817B100609D8B /* UIApplication+Extensions.swift */,
			);
			path = Extensions;
			sourceTree = "<group>";
		};
		788F6F2928A44F9400F0D0B4 /* Common */ = {
			isa = PBXGroup;
			children = (
				788F6EFA28A44D7700F0D0B4 /* Assets.xcassets */,
				788F6EFC28A44D7700F0D0B4 /* LaunchScreen.storyboard */,
				788F6F2A28A44F9C00F0D0B4 /* AppConstants.swift */,
			);
			path = Common;
			sourceTree = "<group>";
		};
		788F6F2C28A4556300F0D0B4 /* Models */ = {
			isa = PBXGroup;
			children = (
				788F6F2D28A4556C00F0D0B4 /* Movie.swift */,
				788F6F2F28A4589900F0D0B4 /* MovieDetail.swift */,
				788F6F3128A458BE00F0D0B4 /* Genre.swift */,
			);
			path = Models;
			sourceTree = "<group>";
		};
		788F6F3328A45CFF00F0D0B4 /* MovieService */ = {
			isa = PBXGroup;
			children = (
				7880A36628A7EEB300609D8B /* SearchService */,
				7880A36528A7EEA400609D8B /* MovieService */,
			);
			path = MovieService;
			sourceTree = "<group>";
		};
		788F6F3B28A57A8000F0D0B4 /* MainScreen */ = {
			isa = PBXGroup;
			children = (
				78C5C63C28A594FE005794F6 /* Cells */,
				788F6F3D28A57AA600F0D0B4 /* MainViewController.swift */,
				788F6F3F28A57AAE00F0D0B4 /* MainViewModel.swift */,
			);
			path = MainScreen;
			sourceTree = "<group>";
		};
		78BE8D7E28A6F05B00C35849 /* Screens */ = {
			isa = PBXGroup;
			children = (
				788F6F3B28A57A8000F0D0B4 /* MainScreen */,
				78BE8D8128A6F08000C35849 /* MovieDetail */,
			);
			path = Screens;
			sourceTree = "<group>";
		};
		78BE8D8128A6F08000C35849 /* MovieDetail */ = {
			isa = PBXGroup;
			children = (
				78BE8D7F28A6F07B00C35849 /* MovieDetailViewController.swift */,
				78BE8D8328A6F09700C35849 /* MovieDetailViewModel.swift */,
			);
			path = MovieDetail;
			sourceTree = "<group>";
		};
		78C5C63C28A594FE005794F6 /* Cells */ = {
			isa = PBXGroup;
			children = (
				7880A37028A8095D00609D8B /* PersonCell */,
				7880A36F28A8090C00609D8B /* PopularMovieCell */,
			);
			path = Cells;
			sourceTree = "<group>";
		};
		BD0F64CECEFACCA1AFCEB3DF /* Frameworks */ = {
			isa = PBXGroup;
			children = (
				73B7111C9BFF2C889D4B45B0 /* Pods_CaseMovie.framework */,
				C3BDBA2D31AD47E3437E44CC /* Pods_CaseMovie_CaseMovieUITests.framework */,
				67CBD10F5C15D0C9B0470C82 /* Pods_CaseMovieTests.framework */,
			);
			name = Frameworks;
			sourceTree = "<group>";
		};
		ECA567CA27FDA00C3B68A3D5 /* Pods */ = {
			isa = PBXGroup;
			children = (
				E39172548ED03122D587EFB0 /* Pods-CaseMovie.debug.xcconfig */,
				BBD09038257152BAD76DBF10 /* Pods-CaseMovie.release.xcconfig */,
				3BC7008709E2C55BB75BF2BA /* Pods-CaseMovie-CaseMovieUITests.debug.xcconfig */,
				9F7DE640444B46F5D932BEB9 /* Pods-CaseMovie-CaseMovieUITests.release.xcconfig */,
				A4633CADA857E1E7CEC1DC0C /* Pods-CaseMovieTests.debug.xcconfig */,
				708CC0BC2FCA495C1A46A433 /* Pods-CaseMovieTests.release.xcconfig */,
			);
			path = Pods;
			sourceTree = "<group>";
		};
/* End PBXGroup section */

/* Begin PBXNativeTarget section */
		788F6EED28A44D7600F0D0B4 /* CaseMovie */ = {
			isa = PBXNativeTarget;
			buildConfigurationList = 788F6F1828A44D7700F0D0B4 /* Build configuration list for PBXNativeTarget "CaseMovie" */;
			buildPhases = (
				4E758F3BA21551E5A1795486 /* [CP] Check Pods Manifest.lock */,
				788F6EEA28A44D7600F0D0B4 /* Sources */,
				788F6EEB28A44D7600F0D0B4 /* Frameworks */,
				788F6EEC28A44D7600F0D0B4 /* Resources */,
				74F3EFB8E72FBB56E91734A0 /* [CP] Embed Pods Frameworks */,
			);
			buildRules = (
			);
			dependencies = (
			);
			name = CaseMovie;
			productName = CaseMovie;
			productReference = 788F6EEE28A44D7600F0D0B4 /* CaseMovie.app */;
			productType = "com.apple.product-type.application";
		};
		788F6F0328A44D7700F0D0B4 /* CaseMovieTests */ = {
			isa = PBXNativeTarget;
			buildConfigurationList = 788F6F1B28A44D7700F0D0B4 /* Build configuration list for PBXNativeTarget "CaseMovieTests" */;
			buildPhases = (
				BAF01847C929FDF70B70A703 /* [CP] Check Pods Manifest.lock */,
				788F6F0028A44D7700F0D0B4 /* Sources */,
				788F6F0128A44D7700F0D0B4 /* Frameworks */,
				788F6F0228A44D7700F0D0B4 /* Resources */,
			);
			buildRules = (
			);
			dependencies = (
				788F6F0628A44D7700F0D0B4 /* PBXTargetDependency */,
			);
			name = CaseMovieTests;
			productName = CaseMovieTests;
			productReference = 788F6F0428A44D7700F0D0B4 /* CaseMovieTests.xctest */;
			productType = "com.apple.product-type.bundle.unit-test";
		};
/* End PBXNativeTarget section */

/* Begin PBXProject section */
		788F6EE628A44D7600F0D0B4 /* Project object */ = {
			isa = PBXProject;
			attributes = {
				BuildIndependentTargetsInParallel = 1;
				LastSwiftUpdateCheck = 1330;
				LastUpgradeCheck = 1330;
				TargetAttributes = {
					788F6EED28A44D7600F0D0B4 = {
						CreatedOnToolsVersion = 13.3;
					};
					788F6F0328A44D7700F0D0B4 = {
						CreatedOnToolsVersion = 13.3;
						TestTargetID = 788F6EED28A44D7600F0D0B4;
					};
				};
			};
			buildConfigurationList = 788F6EE928A44D7600F0D0B4 /* Build configuration list for PBXProject "CaseMovie" */;
			compatibilityVersion = "Xcode 13.0";
			developmentRegion = en;
			hasScannedForEncodings = 0;
			knownRegions = (
				en,
				Base,
			);
			mainGroup = 788F6EE528A44D7600F0D0B4;
			productRefGroup = 788F6EEF28A44D7600F0D0B4 /* Products */;
			projectDirPath = "";
			projectRoot = "";
			targets = (
				788F6EED28A44D7600F0D0B4 /* CaseMovie */,
				788F6F0328A44D7700F0D0B4 /* CaseMovieTests */,
			);
		};
/* End PBXProject section */

/* Begin PBXResourcesBuildPhase section */
		788F6EEC28A44D7600F0D0B4 /* Resources */ = {
			isa = PBXResourcesBuildPhase;
			buildActionMask = 2147483647;
			files = (
				788F6EFE28A44D7700F0D0B4 /* LaunchScreen.storyboard in Resources */,
				788F6EFB28A44D7700F0D0B4 /* Assets.xcassets in Resources */,
			);
			runOnlyForDeploymentPostprocessing = 0;
		};
		788F6F0228A44D7700F0D0B4 /* Resources */ = {
			isa = PBXResourcesBuildPhase;
			buildActionMask = 2147483647;
			files = (
			);
			runOnlyForDeploymentPostprocessing = 0;
		};
/* End PBXResourcesBuildPhase section */

/* Begin PBXShellScriptBuildPhase section */
		4E758F3BA21551E5A1795486 /* [CP] Check Pods Manifest.lock */ = {
			isa = PBXShellScriptBuildPhase;
			buildActionMask = 2147483647;
			files = (
			);
			inputFileListPaths = (
			);
			inputPaths = (
				"${PODS_PODFILE_DIR_PATH}/Podfile.lock",
				"${PODS_ROOT}/Manifest.lock",
			);
			name = "[CP] Check Pods Manifest.lock";
			outputFileListPaths = (
			);
			outputPaths = (
				"$(DERIVED_FILE_DIR)/Pods-CaseMovie-checkManifestLockResult.txt",
			);
			runOnlyForDeploymentPostprocessing = 0;
			shellPath = /bin/sh;
			shellScript = "diff \"${PODS_PODFILE_DIR_PATH}/Podfile.lock\" \"${PODS_ROOT}/Manifest.lock\" > /dev/null\nif [ $? != 0 ] ; then\n    # print error to STDERR\n    echo \"error: The sandbox is not in sync with the Podfile.lock. Run 'pod install' or update your CocoaPods installation.\" >&2\n    exit 1\nfi\n# This output is used by Xcode 'outputs' to avoid re-running this script phase.\necho \"SUCCESS\" > \"${SCRIPT_OUTPUT_FILE_0}\"\n";
			showEnvVarsInLog = 0;
		};
		74F3EFB8E72FBB56E91734A0 /* [CP] Embed Pods Frameworks */ = {
			isa = PBXShellScriptBuildPhase;
			buildActionMask = 2147483647;
			files = (
			);
			inputFileListPaths = (
				"${PODS_ROOT}/Target Support Files/Pods-CaseMovie/Pods-CaseMovie-frameworks-${CONFIGURATION}-input-files.xcfilelist",
			);
			name = "[CP] Embed Pods Frameworks";
			outputFileListPaths = (
				"${PODS_ROOT}/Target Support Files/Pods-CaseMovie/Pods-CaseMovie-frameworks-${CONFIGURATION}-output-files.xcfilelist",
			);
			runOnlyForDeploymentPostprocessing = 0;
			shellPath = /bin/sh;
			shellScript = "\"${PODS_ROOT}/Target Support Files/Pods-CaseMovie/Pods-CaseMovie-frameworks.sh\"\n";
			showEnvVarsInLog = 0;
		};
		BAF01847C929FDF70B70A703 /* [CP] Check Pods Manifest.lock */ = {
			isa = PBXShellScriptBuildPhase;
			buildActionMask = 2147483647;
			files = (
			);
			inputFileListPaths = (
			);
			inputPaths = (
				"${PODS_PODFILE_DIR_PATH}/Podfile.lock",
				"${PODS_ROOT}/Manifest.lock",
			);
			name = "[CP] Check Pods Manifest.lock";
			outputFileListPaths = (
			);
			outputPaths = (
				"$(DERIVED_FILE_DIR)/Pods-CaseMovieTests-checkManifestLockResult.txt",
			);
			runOnlyForDeploymentPostprocessing = 0;
			shellPath = /bin/sh;
			shellScript = "diff \"${PODS_PODFILE_DIR_PATH}/Podfile.lock\" \"${PODS_ROOT}/Manifest.lock\" > /dev/null\nif [ $? != 0 ] ; then\n    # print error to STDERR\n    echo \"error: The sandbox is not in sync with the Podfile.lock. Run 'pod install' or update your CocoaPods installation.\" >&2\n    exit 1\nfi\n# This output is used by Xcode 'outputs' to avoid re-running this script phase.\necho \"SUCCESS\" > \"${SCRIPT_OUTPUT_FILE_0}\"\n";
			showEnvVarsInLog = 0;
		};
/* End PBXShellScriptBuildPhase section */

/* Begin PBXSourcesBuildPhase section */
		788F6EEA28A44D7600F0D0B4 /* Sources */ = {
			isa = PBXSourcesBuildPhase;
			buildActionMask = 2147483647;
			files = (
				788F6F3228A458BE00F0D0B4 /* Genre.swift in Sources */,
				788F6F3E28A57AA600F0D0B4 /* MainViewController.swift in Sources */,
				788F6F2E28A4556C00F0D0B4 /* Movie.swift in Sources */,
				7880A36A28A7EF2600609D8B /* SearchMovieRequest.swift in Sources */,
				78C5C63E28A5951A005794F6 /* PopularMovieTableViewCell.swift in Sources */,
				78BE8D8028A6F07B00C35849 /* MovieDetailViewController.swift in Sources */,
				7880A37628A80ADD00609D8B /* PersonTableViewModel.swift in Sources */,
				78C5C64028A5954F005794F6 /* PopularMovieTableViewModel.swift in Sources */,
				78BE8D8428A6F09700C35849 /* MovieDetailViewModel.swift in Sources */,
				788F6EF628A44D7600F0D0B4 /* BaseViewController.swift in Sources */,
				788F6F3A28A4648F00F0D0B4 /* MovieDetailRequest.swift in Sources */,
				788F6F2428A44F1000F0D0B4 /* NetworkRequest.swift in Sources */,
				7880A37928A816F800609D8B /* LoadingIndicator.swift in Sources */,
				78C5C64628A59EC0005794F6 /* Kingfisher+Extensions.swift in Sources */,
				78C5C64428A5979E005794F6 /* UITableViewCell+Extensions.swift in Sources */,
				78C5C64228A5978A005794F6 /* UITableView+Extensions.swift in Sources */,
				7880A36C28A7F5A000609D8B /* String+Extensions.swift in Sources */,
				788F6F2528A44F1000F0D0B4 /* NetworkService.swift in Sources */,
				788F6F4028A57AAE00F0D0B4 /* MainViewModel.swift in Sources */,
				7880A37B28A817B100609D8B /* UIApplication+Extensions.swift in Sources */,
				788F6F2B28A44F9C00F0D0B4 /* AppConstants.swift in Sources */,
				788F6F3528A45F3500F0D0B4 /* PopularMoviesRequest.swift in Sources */,
				7880A37228A80A8A00609D8B /* PersonTableViewCell.swift in Sources */,
				7880A36E28A7F7D100609D8B /* SearchActorRequest.swift in Sources */,
				788F6F2828A44F6800F0D0B4 /* Codable+Extensions.swift in Sources */,
				788F6EF228A44D7600F0D0B4 /* AppDelegate.swift in Sources */,
				7880A34B28A7B92600609D8B /* Date+Extensions.swift in Sources */,
				788F6F3028A4589900F0D0B4 /* MovieDetail.swift in Sources */,
				7880A36828A7EEC000609D8B /* SearchService.swift in Sources */,
				78BE8D7D28A69A3E00C35849 /* UIFont+Extensions.swift in Sources */,
				788F6F3728A4616D00F0D0B4 /* MovieService.swift in Sources */,
			);
			runOnlyForDeploymentPostprocessing = 0;
		};
		788F6F0028A44D7700F0D0B4 /* Sources */ = {
			isa = PBXSourcesBuildPhase;
			buildActionMask = 2147483647;
			files = (
				7880A36228A7CB3400609D8B /* MovieDetailViewModelTests.swift in Sources */,
				7880A35828A7CA0C00609D8B /* MovieMockService.swift in Sources */,
				788F6F0928A44D7700F0D0B4 /* CaseMovieTests.swift in Sources */,
				7880A35C28A7CA6300609D8B /* NetworkService.swift in Sources */,
				7880A35A28A7CA4500609D8B /* PopularMoviesRequest.swift in Sources */,
				7880A36328A7CB4F00609D8B /* MovieDetailViewModel.swift in Sources */,
				7880A35528A7C7B200609D8B /* TestConstants.swift in Sources */,
				7880A34E28A7C18000609D8B /* Decodable+Extensions.swift in Sources */,
				7880A35B28A7CA5100609D8B /* MovieDetailRequest.swift in Sources */,
				7880A36428A7CBD600609D8B /* Date+Extensions.swift in Sources */,
				7880A35E28A7CAA100609D8B /* NetworkRequest.swift in Sources */,
				7880A35928A7CA2D00609D8B /* MovieService.swift in Sources */,
				7880A35F28A7CAA400609D8B /* AppConstants.swift in Sources */,
				7880A36028A7CABC00609D8B /* Codable+Extensions.swift in Sources */,
			);
			runOnlyForDeploymentPostprocessing = 0;
		};
/* End PBXSourcesBuildPhase section */

/* Begin PBXTargetDependency section */
		788F6F0628A44D7700F0D0B4 /* PBXTargetDependency */ = {
			isa = PBXTargetDependency;
			target = 788F6EED28A44D7600F0D0B4 /* CaseMovie */;
			targetProxy = 788F6F0528A44D7700F0D0B4 /* PBXContainerItemProxy */;
		};
/* End PBXTargetDependency section */

/* Begin PBXVariantGroup section */
		788F6EFC28A44D7700F0D0B4 /* LaunchScreen.storyboard */ = {
			isa = PBXVariantGroup;
			children = (
				788F6EFD28A44D7700F0D0B4 /* Base */,
			);
			name = LaunchScreen.storyboard;
			sourceTree = "<group>";
		};
/* End PBXVariantGroup section */

/* Begin XCBuildConfiguration section */
		788F6F1628A44D7700F0D0B4 /* Debug */ = {
			isa = XCBuildConfiguration;
			buildSettings = {
				ALWAYS_SEARCH_USER_PATHS = NO;
				CLANG_ANALYZER_NONNULL = YES;
				CLANG_ANALYZER_NUMBER_OBJECT_CONVERSION = YES_AGGRESSIVE;
				CLANG_CXX_LANGUAGE_STANDARD = "gnu++17";
				CLANG_ENABLE_MODULES = YES;
				CLANG_ENABLE_OBJC_ARC = YES;
				CLANG_ENABLE_OBJC_WEAK = YES;
				CLANG_WARN_BLOCK_CAPTURE_AUTORELEASING = YES;
				CLANG_WARN_BOOL_CONVERSION = YES;
				CLANG_WARN_COMMA = YES;
				CLANG_WARN_CONSTANT_CONVERSION = YES;
				CLANG_WARN_DEPRECATED_OBJC_IMPLEMENTATIONS = YES;
				CLANG_WARN_DIRECT_OBJC_ISA_USAGE = YES_ERROR;
				CLANG_WARN_DOCUMENTATION_COMMENTS = YES;
				CLANG_WARN_EMPTY_BODY = YES;
				CLANG_WARN_ENUM_CONVERSION = YES;
				CLANG_WARN_INFINITE_RECURSION = YES;
				CLANG_WARN_INT_CONVERSION = YES;
				CLANG_WARN_NON_LITERAL_NULL_CONVERSION = YES;
				CLANG_WARN_OBJC_IMPLICIT_RETAIN_SELF = YES;
				CLANG_WARN_OBJC_LITERAL_CONVERSION = YES;
				CLANG_WARN_OBJC_ROOT_CLASS = YES_ERROR;
				CLANG_WARN_QUOTED_INCLUDE_IN_FRAMEWORK_HEADER = YES;
				CLANG_WARN_RANGE_LOOP_ANALYSIS = YES;
				CLANG_WARN_STRICT_PROTOTYPES = YES;
				CLANG_WARN_SUSPICIOUS_MOVE = YES;
				CLANG_WARN_UNGUARDED_AVAILABILITY = YES_AGGRESSIVE;
				CLANG_WARN_UNREACHABLE_CODE = YES;
				CLANG_WARN__DUPLICATE_METHOD_MATCH = YES;
				COPY_PHASE_STRIP = NO;
				DEBUG_INFORMATION_FORMAT = dwarf;
				ENABLE_STRICT_OBJC_MSGSEND = YES;
				ENABLE_TESTABILITY = YES;
				GCC_C_LANGUAGE_STANDARD = gnu11;
				GCC_DYNAMIC_NO_PIC = NO;
				GCC_NO_COMMON_BLOCKS = YES;
				GCC_OPTIMIZATION_LEVEL = 0;
				GCC_PREPROCESSOR_DEFINITIONS = (
					"DEBUG=1",
					"$(inherited)",
				);
				GCC_WARN_64_TO_32_BIT_CONVERSION = YES;
				GCC_WARN_ABOUT_RETURN_TYPE = YES_ERROR;
				GCC_WARN_UNDECLARED_SELECTOR = YES;
				GCC_WARN_UNINITIALIZED_AUTOS = YES_AGGRESSIVE;
				GCC_WARN_UNUSED_FUNCTION = YES;
				GCC_WARN_UNUSED_VARIABLE = YES;
				IPHONEOS_DEPLOYMENT_TARGET = 15.4;
				MTL_ENABLE_DEBUG_INFO = INCLUDE_SOURCE;
				MTL_FAST_MATH = YES;
				ONLY_ACTIVE_ARCH = YES;
				SDKROOT = iphoneos;
				SWIFT_ACTIVE_COMPILATION_CONDITIONS = DEBUG;
				SWIFT_OPTIMIZATION_LEVEL = "-Onone";
			};
			name = Debug;
		};
		788F6F1728A44D7700F0D0B4 /* Release */ = {
			isa = XCBuildConfiguration;
			buildSettings = {
				ALWAYS_SEARCH_USER_PATHS = NO;
				CLANG_ANALYZER_NONNULL = YES;
				CLANG_ANALYZER_NUMBER_OBJECT_CONVERSION = YES_AGGRESSIVE;
				CLANG_CXX_LANGUAGE_STANDARD = "gnu++17";
				CLANG_ENABLE_MODULES = YES;
				CLANG_ENABLE_OBJC_ARC = YES;
				CLANG_ENABLE_OBJC_WEAK = YES;
				CLANG_WARN_BLOCK_CAPTURE_AUTORELEASING = YES;
				CLANG_WARN_BOOL_CONVERSION = YES;
				CLANG_WARN_COMMA = YES;
				CLANG_WARN_CONSTANT_CONVERSION = YES;
				CLANG_WARN_DEPRECATED_OBJC_IMPLEMENTATIONS = YES;
				CLANG_WARN_DIRECT_OBJC_ISA_USAGE = YES_ERROR;
				CLANG_WARN_DOCUMENTATION_COMMENTS = YES;
				CLANG_WARN_EMPTY_BODY = YES;
				CLANG_WARN_ENUM_CONVERSION = YES;
				CLANG_WARN_INFINITE_RECURSION = YES;
				CLANG_WARN_INT_CONVERSION = YES;
				CLANG_WARN_NON_LITERAL_NULL_CONVERSION = YES;
				CLANG_WARN_OBJC_IMPLICIT_RETAIN_SELF = YES;
				CLANG_WARN_OBJC_LITERAL_CONVERSION = YES;
				CLANG_WARN_OBJC_ROOT_CLASS = YES_ERROR;
				CLANG_WARN_QUOTED_INCLUDE_IN_FRAMEWORK_HEADER = YES;
				CLANG_WARN_RANGE_LOOP_ANALYSIS = YES;
				CLANG_WARN_STRICT_PROTOTYPES = YES;
				CLANG_WARN_SUSPICIOUS_MOVE = YES;
				CLANG_WARN_UNGUARDED_AVAILABILITY = YES_AGGRESSIVE;
				CLANG_WARN_UNREACHABLE_CODE = YES;
				CLANG_WARN__DUPLICATE_METHOD_MATCH = YES;
				COPY_PHASE_STRIP = NO;
				DEBUG_INFORMATION_FORMAT = "dwarf-with-dsym";
				ENABLE_NS_ASSERTIONS = NO;
				ENABLE_STRICT_OBJC_MSGSEND = YES;
				GCC_C_LANGUAGE_STANDARD = gnu11;
				GCC_NO_COMMON_BLOCKS = YES;
				GCC_WARN_64_TO_32_BIT_CONVERSION = YES;
				GCC_WARN_ABOUT_RETURN_TYPE = YES_ERROR;
				GCC_WARN_UNDECLARED_SELECTOR = YES;
				GCC_WARN_UNINITIALIZED_AUTOS = YES_AGGRESSIVE;
				GCC_WARN_UNUSED_FUNCTION = YES;
				GCC_WARN_UNUSED_VARIABLE = YES;
				IPHONEOS_DEPLOYMENT_TARGET = 15.4;
				MTL_ENABLE_DEBUG_INFO = NO;
				MTL_FAST_MATH = YES;
				SDKROOT = iphoneos;
				SWIFT_COMPILATION_MODE = wholemodule;
				SWIFT_OPTIMIZATION_LEVEL = "-O";
				VALIDATE_PRODUCT = YES;
			};
			name = Release;
		};
		788F6F1928A44D7700F0D0B4 /* Debug */ = {
			isa = XCBuildConfiguration;
			baseConfigurationReference = E39172548ED03122D587EFB0 /* Pods-CaseMovie.debug.xcconfig */;
			buildSettings = {
				ASSETCATALOG_COMPILER_APPICON_NAME = AppIcon;
				ASSETCATALOG_COMPILER_GLOBAL_ACCENT_COLOR_NAME = AccentColor;
				CODE_SIGN_STYLE = Automatic;
				CURRENT_PROJECT_VERSION = 1;
				DEVELOPMENT_TEAM = 9A26P3RMBN;
				GENERATE_INFOPLIST_FILE = YES;
				INFOPLIST_FILE = CaseMovie/Info.plist;
				INFOPLIST_KEY_UIApplicationSupportsIndirectInputEvents = YES;
				INFOPLIST_KEY_UILaunchStoryboardName = LaunchScreen;
				INFOPLIST_KEY_UISupportedInterfaceOrientations_iPad = "UIInterfaceOrientationPortrait UIInterfaceOrientationPortraitUpsideDown UIInterfaceOrientationLandscapeLeft UIInterfaceOrientationLandscapeRight";
				INFOPLIST_KEY_UISupportedInterfaceOrientations_iPhone = "UIInterfaceOrientationPortrait UIInterfaceOrientationLandscapeLeft UIInterfaceOrientationLandscapeRight";
				IPHONEOS_DEPLOYMENT_TARGET = 11.0;
				LD_RUNPATH_SEARCH_PATHS = (
					"$(inherited)",
					"@executable_path/Frameworks",
				);
				MARKETING_VERSION = 1.0;
				PRODUCT_BUNDLE_IDENTIFIER = com.winlentia.CaseMovie;
				PRODUCT_NAME = "$(TARGET_NAME)";
				SWIFT_EMIT_LOC_STRINGS = YES;
				SWIFT_VERSION = 5.0;
				TARGETED_DEVICE_FAMILY = "1,2";
			};
			name = Debug;
		};
		788F6F1A28A44D7700F0D0B4 /* Release */ = {
			isa = XCBuildConfiguration;
			baseConfigurationReference = BBD09038257152BAD76DBF10 /* Pods-CaseMovie.release.xcconfig */;
			buildSettings = {
				ASSETCATALOG_COMPILER_APPICON_NAME = AppIcon;
				ASSETCATALOG_COMPILER_GLOBAL_ACCENT_COLOR_NAME = AccentColor;
				CODE_SIGN_STYLE = Automatic;
				CURRENT_PROJECT_VERSION = 1;
				DEVELOPMENT_TEAM = 9A26P3RMBN;
				GENERATE_INFOPLIST_FILE = YES;
				INFOPLIST_FILE = CaseMovie/Info.plist;
				INFOPLIST_KEY_UIApplicationSupportsIndirectInputEvents = YES;
				INFOPLIST_KEY_UILaunchStoryboardName = LaunchScreen;
				INFOPLIST_KEY_UISupportedInterfaceOrientations_iPad = "UIInterfaceOrientationPortrait UIInterfaceOrientationPortraitUpsideDown UIInterfaceOrientationLandscapeLeft UIInterfaceOrientationLandscapeRight";
				INFOPLIST_KEY_UISupportedInterfaceOrientations_iPhone = "UIInterfaceOrientationPortrait UIInterfaceOrientationLandscapeLeft UIInterfaceOrientationLandscapeRight";
				IPHONEOS_DEPLOYMENT_TARGET = 11.0;
				LD_RUNPATH_SEARCH_PATHS = (
					"$(inherited)",
					"@executable_path/Frameworks",
				);
				MARKETING_VERSION = 1.0;
				PRODUCT_BUNDLE_IDENTIFIER = com.winlentia.CaseMovie;
				PRODUCT_NAME = "$(TARGET_NAME)";
				SWIFT_EMIT_LOC_STRINGS = YES;
				SWIFT_VERSION = 5.0;
				TARGETED_DEVICE_FAMILY = "1,2";
			};
			name = Release;
		};
		788F6F1C28A44D7700F0D0B4 /* Debug */ = {
			isa = XCBuildConfiguration;
			baseConfigurationReference = A4633CADA857E1E7CEC1DC0C /* Pods-CaseMovieTests.debug.xcconfig */;
			buildSettings = {
				ALWAYS_EMBED_SWIFT_STANDARD_LIBRARIES = YES;
				BUNDLE_LOADER = "$(TEST_HOST)";
				CODE_SIGN_STYLE = Automatic;
				CURRENT_PROJECT_VERSION = 1;
				DEVELOPMENT_TEAM = 9A26P3RMBN;
				GENERATE_INFOPLIST_FILE = YES;
				IPHONEOS_DEPLOYMENT_TARGET = 15.4;
				MARKETING_VERSION = 1.0;
				PRODUCT_BUNDLE_IDENTIFIER = com.winlentia.CaseMovieTests;
				PRODUCT_NAME = "$(TARGET_NAME)";
				SWIFT_EMIT_LOC_STRINGS = NO;
				SWIFT_VERSION = 5.0;
				TARGETED_DEVICE_FAMILY = "1,2";
				TEST_HOST = "$(BUILT_PRODUCTS_DIR)/CaseMovie.app/CaseMovie";
			};
			name = Debug;
		};
		788F6F1D28A44D7700F0D0B4 /* Release */ = {
			isa = XCBuildConfiguration;
			baseConfigurationReference = 708CC0BC2FCA495C1A46A433 /* Pods-CaseMovieTests.release.xcconfig */;
			buildSettings = {
				ALWAYS_EMBED_SWIFT_STANDARD_LIBRARIES = YES;
				BUNDLE_LOADER = "$(TEST_HOST)";
				CODE_SIGN_STYLE = Automatic;
				CURRENT_PROJECT_VERSION = 1;
				DEVELOPMENT_TEAM = 9A26P3RMBN;
				GENERATE_INFOPLIST_FILE = YES;
				IPHONEOS_DEPLOYMENT_TARGET = 15.4;
				MARKETING_VERSION = 1.0;
				PRODUCT_BUNDLE_IDENTIFIER = com.winlentia.CaseMovieTests;
				PRODUCT_NAME = "$(TARGET_NAME)";
				SWIFT_EMIT_LOC_STRINGS = NO;
				SWIFT_VERSION = 5.0;
				TARGETED_DEVICE_FAMILY = "1,2";
				TEST_HOST = "$(BUILT_PRODUCTS_DIR)/CaseMovie.app/CaseMovie";
			};
			name = Release;
		};
/* End XCBuildConfiguration section */

/* Begin XCConfigurationList section */
		788F6EE928A44D7600F0D0B4 /* Build configuration list for PBXProject "CaseMovie" */ = {
			isa = XCConfigurationList;
			buildConfigurations = (
				788F6F1628A44D7700F0D0B4 /* Debug */,
				788F6F1728A44D7700F0D0B4 /* Release */,
			);
			defaultConfigurationIsVisible = 0;
			defaultConfigurationName = Release;
		};
		788F6F1828A44D7700F0D0B4 /* Build configuration list for PBXNativeTarget "CaseMovie" */ = {
			isa = XCConfigurationList;
			buildConfigurations = (
				788F6F1928A44D7700F0D0B4 /* Debug */,
				788F6F1A28A44D7700F0D0B4 /* Release */,
			);
			defaultConfigurationIsVisible = 0;
			defaultConfigurationName = Release;
		};
		788F6F1B28A44D7700F0D0B4 /* Build configuration list for PBXNativeTarget "CaseMovieTests" */ = {
			isa = XCConfigurationList;
			buildConfigurations = (
				788F6F1C28A44D7700F0D0B4 /* Debug */,
				788F6F1D28A44D7700F0D0B4 /* Release */,
			);
			defaultConfigurationIsVisible = 0;
			defaultConfigurationName = Release;
		};
/* End XCConfigurationList section */
	};
	rootObject = 788F6EE628A44D7600F0D0B4 /* Project object */;
}
